// !$*UTF8*$!
{
	archiveVersion = 1;
	classes = {
	};
	objectVersion = 46;
	objects = {

/* Begin PBXBuildFile section */
		2B1B51ACEB4B6310A46C924B /* libPods-test.a in Frameworks */ = {isa = PBXBuildFile; fileRef = 62F61F496FA755A365685E58 /* libPods-test.a */; };
		E722EACB1BAA639700A06AD6 /* main.m in Sources */ = {isa = PBXBuildFile; fileRef = E722EACA1BAA639700A06AD6 /* main.m */; };
		E722EACE1BAA639700A06AD6 /* AppDelegate.m in Sources */ = {isa = PBXBuildFile; fileRef = E722EACD1BAA639700A06AD6 /* AppDelegate.m */; };
		E722EAD11BAA639700A06AD6 /* ViewController.m in Sources */ = {isa = PBXBuildFile; fileRef = E722EAD01BAA639700A06AD6 /* ViewController.m */; };
		E722EAD41BAA639700A06AD6 /* Main.storyboard in Resources */ = {isa = PBXBuildFile; fileRef = E722EAD21BAA639700A06AD6 /* Main.storyboard */; };
		E722EAD61BAA639700A06AD6 /* Images.xcassets in Resources */ = {isa = PBXBuildFile; fileRef = E722EAD51BAA639700A06AD6 /* Images.xcassets */; };
		E722EAD91BAA639700A06AD6 /* LaunchScreen.xib in Resources */ = {isa = PBXBuildFile; fileRef = E722EAD71BAA639700A06AD6 /* LaunchScreen.xib */; };
		E722EAE51BAA639700A06AD6 /* testTests.m in Sources */ = {isa = PBXBuildFile; fileRef = E722EAE41BAA639700A06AD6 /* testTests.m */; };
/* End PBXBuildFile section */

/* Begin PBXContainerItemProxy section */
		E722EADF1BAA639700A06AD6 /* PBXContainerItemProxy */ = {
			isa = PBXContainerItemProxy;
			containerPortal = E722EABD1BAA639700A06AD6 /* Project object */;
			proxyType = 1;
			remoteGlobalIDString = E722EAC41BAA639700A06AD6;
			remoteInfo = test;
		};
/* End PBXContainerItemProxy section */

/* Begin PBXFileReference section */
		36A2E81F4543FD31F7C5CDB8 /* Pods-test.debug.xcconfig */ = {isa = PBXFileReference; includeInIndex = 1; lastKnownFileType = text.xcconfig; name = "Pods-test.debug.xcconfig"; path = "Pods/Target Support Files/Pods-test/Pods-test.debug.xcconfig"; sourceTree = "<group>"; };
		5BC278F627C07AF5A9D86BF7 /* Pods-test.release.xcconfig */ = {isa = PBXFileReference; includeInIndex = 1; lastKnownFileType = text.xcconfig; name = "Pods-test.release.xcconfig"; path = "Pods/Target Support Files/Pods-test/Pods-test.release.xcconfig"; sourceTree = "<group>"; };
		62F61F496FA755A365685E58 /* libPods-test.a */ = {isa = PBXFileReference; explicitFileType = archive.ar; includeInIndex = 0; path = "libPods-test.a"; sourceTree = BUILT_PRODUCTS_DIR; };
		E722EAC51BAA639700A06AD6 /* test.app */ = {isa = PBXFileReference; explicitFileType = wrapper.application; includeInIndex = 0; path = test.app; sourceTree = BUILT_PRODUCTS_DIR; };
		E722EAC91BAA639700A06AD6 /* Info.plist */ = {isa = PBXFileReference; lastKnownFileType = text.plist.xml; path = Info.plist; sourceTree = "<group>"; };
		E722EACA1BAA639700A06AD6 /* main.m */ = {isa = PBXFileReference; lastKnownFileType = sourcecode.c.objc; path = main.m; sourceTree = "<group>"; };
		E722EACC1BAA639700A06AD6 /* AppDelegate.h */ = {isa = PBXFileReference; lastKnownFileType = sourcecode.c.h; path = AppDelegate.h; sourceTree = "<group>"; };
		E722EACD1BAA639700A06AD6 /* AppDelegate.m */ = {isa = PBXFileReference; lastKnownFileType = sourcecode.c.objc; path = AppDelegate.m; sourceTree = "<group>"; };
		E722EACF1BAA639700A06AD6 /* ViewController.h */ = {isa = PBXFileReference; lastKnownFileType = sourcecode.c.h; path = ViewController.h; sourceTree = "<group>"; };
		E722EAD01BAA639700A06AD6 /* ViewController.m */ = {isa = PBXFileReference; lastKnownFileType = sourcecode.c.objc; path = ViewController.m; sourceTree = "<group>"; };
		E722EAD31BAA639700A06AD6 /* Base */ = {isa = PBXFileReference; lastKnownFileType = file.storyboard; name = Base; path = Base.lproj/Main.storyboard; sourceTree = "<group>"; };
		E722EAD51BAA639700A06AD6 /* Images.xcassets */ = {isa = PBXFileReference; lastKnownFileType = folder.assetcatalog; path = Images.xcassets; sourceTree = "<group>"; };
		E722EAD81BAA639700A06AD6 /* Base */ = {isa = PBXFileReference; lastKnownFileType = file.xib; name = Base; path = Base.lproj/LaunchScreen.xib; sourceTree = "<group>"; };
		E722EADE1BAA639700A06AD6 /* testTests.xctest */ = {isa = PBXFileReference; explicitFileType = wrapper.cfbundle; includeInIndex = 0; path = testTests.xctest; sourceTree = BUILT_PRODUCTS_DIR; };
		E722EAE31BAA639700A06AD6 /* Info.plist */ = {isa = PBXFileReference; lastKnownFileType = text.plist.xml; path = Info.plist; sourceTree = "<group>"; };
		E722EAE41BAA639700A06AD6 /* testTests.m */ = {isa = PBXFileReference; lastKnownFileType = sourcecode.c.objc; path = testTests.m; sourceTree = "<group>"; };
/* End PBXFileReference section */

/* Begin PBXFrameworksBuildPhase section */
		E722EAC21BAA639700A06AD6 /* Frameworks */ = {
			isa = PBXFrameworksBuildPhase;
			buildActionMask = 2147483647;
			files = (
				2B1B51ACEB4B6310A46C924B /* libPods-test.a in Frameworks */,
			);
			runOnlyForDeploymentPostprocessing = 0;
		};
		E722EADB1BAA639700A06AD6 /* Frameworks */ = {
			isa = PBXFrameworksBuildPhase;
			buildActionMask = 2147483647;
			files = (
			);
			runOnlyForDeploymentPostprocessing = 0;
		};
/* End PBXFrameworksBuildPhase section */

/* Begin PBXGroup section */
		7998317D9D6321677C380809 /* Frameworks */ = {
			isa = PBXGroup;
			children = (
				62F61F496FA755A365685E58 /* libPods-test.a */,
			);
			name = Frameworks;
			sourceTree = "<group>";
		};
		93C479F51398EDA3B33542AE /* Pods */ = {
			isa = PBXGroup;
			children = (
				36A2E81F4543FD31F7C5CDB8 /* Pods-test.debug.xcconfig */,
				5BC278F627C07AF5A9D86BF7 /* Pods-test.release.xcconfig */,
			);
			name = Pods;
			sourceTree = "<group>";
		};
		E722EABC1BAA639700A06AD6 = {
			isa = PBXGroup;
			children = (
				E722EAC71BAA639700A06AD6 /* test */,
				E722EAE11BAA639700A06AD6 /* testTests */,
				E722EAC61BAA639700A06AD6 /* Products */,
				93C479F51398EDA3B33542AE /* Pods */,
				7998317D9D6321677C380809 /* Frameworks */,
			);
			sourceTree = "<group>";
		};
		E722EAC61BAA639700A06AD6 /* Products */ = {
			isa = PBXGroup;
			children = (
				E722EAC51BAA639700A06AD6 /* test.app */,
				E722EADE1BAA639700A06AD6 /* testTests.xctest */,
			);
			name = Products;
			sourceTree = "<group>";
		};
		E722EAC71BAA639700A06AD6 /* test */ = {
			isa = PBXGroup;
			children = (
				E722EACC1BAA639700A06AD6 /* AppDelegate.h */,
				E722EACD1BAA639700A06AD6 /* AppDelegate.m */,
				E722EACF1BAA639700A06AD6 /* ViewController.h */,
				E722EAD01BAA639700A06AD6 /* ViewController.m */,
				E722EAD21BAA639700A06AD6 /* Main.storyboard */,
				E722EAD51BAA639700A06AD6 /* Images.xcassets */,
				E722EAD71BAA639700A06AD6 /* LaunchScreen.xib */,
				E722EAC81BAA639700A06AD6 /* Supporting Files */,
			);
			path = test;
			sourceTree = "<group>";
		};
		E722EAC81BAA639700A06AD6 /* Supporting Files */ = {
			isa = PBXGroup;
			children = (
				E722EAC91BAA639700A06AD6 /* Info.plist */,
				E722EACA1BAA639700A06AD6 /* main.m */,
			);
			name = "Supporting Files";
			sourceTree = "<group>";
		};
		E722EAE11BAA639700A06AD6 /* testTests */ = {
			isa = PBXGroup;
			children = (
				E722EAE41BAA639700A06AD6 /* testTests.m */,
				E722EAE21BAA639700A06AD6 /* Supporting Files */,
			);
			path = testTests;
			sourceTree = "<group>";
		};
		E722EAE21BAA639700A06AD6 /* Supporting Files */ = {
			isa = PBXGroup;
			children = (
				E722EAE31BAA639700A06AD6 /* Info.plist */,
			);
			name = "Supporting Files";
			sourceTree = "<group>";
		};
/* End PBXGroup section */

/* Begin PBXNativeTarget section */
		E722EAC41BAA639700A06AD6 /* test */ = {
			isa = PBXNativeTarget;
			buildConfigurationList = E722EAE81BAA639700A06AD6 /* Build configuration list for PBXNativeTarget "test" */;
			buildPhases = (
				C5F0B4F4313AF2F38D55D68F /* Check Pods Manifest.lock */,
				E722EAC11BAA639700A06AD6 /* Sources */,
				E722EAC21BAA639700A06AD6 /* Frameworks */,
				E722EAC31BAA639700A06AD6 /* Resources */,
				0F59AB93ED1D303EFF921FF0 /* Copy Pods Resources */,
			);
			buildRules = (
			);
			dependencies = (
			);
			name = test;
			productName = test;
			productReference = E722EAC51BAA639700A06AD6 /* test.app */;
			productType = "com.apple.product-type.application";
		};
		E722EADD1BAA639700A06AD6 /* testTests */ = {
			isa = PBXNativeTarget;
			buildConfigurationList = E722EAEB1BAA639700A06AD6 /* Build configuration list for PBXNativeTarget "testTests" */;
			buildPhases = (
				E722EADA1BAA639700A06AD6 /* Sources */,
				E722EADB1BAA639700A06AD6 /* Frameworks */,
				E722EADC1BAA639700A06AD6 /* Resources */,
			);
			buildRules = (
			);
			dependencies = (
				E722EAE01BAA639700A06AD6 /* PBXTargetDependency */,
			);
			name = testTests;
			productName = testTests;
			productReference = E722EADE1BAA639700A06AD6 /* testTests.xctest */;
			productType = "com.apple.product-type.bundle.unit-test";
		};
/* End PBXNativeTarget section */

/* Begin PBXProject section */
		E722EABD1BAA639700A06AD6 /* Project object */ = {
			isa = PBXProject;
			attributes = {
				LastUpgradeCheck = 0630;
				ORGANIZATIONNAME = hwamei;
				TargetAttributes = {
					E722EAC41BAA639700A06AD6 = {
						CreatedOnToolsVersion = 6.3.2;
					};
					E722EADD1BAA639700A06AD6 = {
						CreatedOnToolsVersion = 6.3.2;
						TestTargetID = E722EAC41BAA639700A06AD6;
					};
				};
			};
			buildConfigurationList = E722EAC01BAA639700A06AD6 /* Build configuration list for PBXProject "test" */;
			compatibilityVersion = "Xcode 3.2";
			developmentRegion = English;
			hasScannedForEncodings = 0;
			knownRegions = (
				en,
				Base,
			);
			mainGroup = E722EABC1BAA639700A06AD6;
			productRefGroup = E722EAC61BAA639700A06AD6 /* Products */;
			projectDirPath = "";
			projectRoot = "";
			targets = (
				E722EAC41BAA639700A06AD6 /* test */,
				E722EADD1BAA639700A06AD6 /* testTests */,
			);
		};
/* End PBXProject section */

/* Begin PBXResourcesBuildPhase section */
		E722EAC31BAA639700A06AD6 /* Resources */ = {
			isa = PBXResourcesBuildPhase;
			buildActionMask = 2147483647;
			files = (
				E722EAD41BAA639700A06AD6 /* Main.storyboard in Resources */,
				E722EAD91BAA639700A06AD6 /* LaunchScreen.xib in Resources */,
				E722EAD61BAA639700A06AD6 /* Images.xcassets in Resources */,
			);
			runOnlyForDeploymentPostprocessing = 0;
		};
		E722EADC1BAA639700A06AD6 /* Resources */ = {
			isa = PBXResourcesBuildPhase;
			buildActionMask = 2147483647;
			files = (
			);
			runOnlyForDeploymentPostprocessing = 0;
		};
/* End PBXResourcesBuildPhase section */

/* Begin PBXShellScriptBuildPhase section */
		0F59AB93ED1D303EFF921FF0 /* Copy Pods Resources */ = {
			isa = PBXShellScriptBuildPhase;
			buildActionMask = 2147483647;
			files = (
			);
			inputPaths = (
			);
			name = "Copy Pods Resources";
			outputPaths = (
			);
			runOnlyForDeploymentPostprocessing = 0;
			shellPath = /bin/sh;
			shellScript = "\"${SRCROOT}/Pods/Target Support Files/Pods-test/Pods-test-resources.sh\"\n";
			showEnvVarsInLog = 0;
		};
		C5F0B4F4313AF2F38D55D68F /* Check Pods Manifest.lock */ = {
			isa = PBXShellScriptBuildPhase;
			buildActionMask = 2147483647;
			files = (
			);
			inputPaths = (
			);
			name = "Check Pods Manifest.lock";
			outputPaths = (
			);
			runOnlyForDeploymentPostprocessing = 0;
			shellPath = /bin/sh;
			shellScript = "diff \"${PODS_ROOT}/../Podfile.lock\" \"${PODS_ROOT}/Manifest.lock\" > /dev/null\nif [[ $? != 0 ]] ; then\n    cat << EOM\nerror: The sandbox is not in sync with the Podfile.lock. Run 'pod install' or update your CocoaPods installation.\nEOM\n    exit 1\nfi\n";
			showEnvVarsInLog = 0;
		};
/* End PBXShellScriptBuildPhase section */

/* Begin PBXSourcesBuildPhase section */
		E722EAC11BAA639700A06AD6 /* Sources */ = {
			isa = PBXSourcesBuildPhase;
			buildActionMask = 2147483647;
			files = (
				E722EAD11BAA639700A06AD6 /* ViewController.m in Sources */,
				E722EACE1BAA639700A06AD6 /* AppDelegate.m in Sources */,
				E722EACB1BAA639700A06AD6 /* main.m in Sources */,
			);
			runOnlyForDeploymentPostprocessing = 0;
		};
		E722EADA1BAA639700A06AD6 /* Sources */ = {
			isa = PBXSourcesBuildPhase;
			buildActionMask = 2147483647;
			files = (
				E722EAE51BAA639700A06AD6 /* testTests.m in Sources */,
			);
			runOnlyForDeploymentPostprocessing = 0;
		};
/* End PBXSourcesBuildPhase section */

/* Begin PBXTargetDependency section */
		E722EAE01BAA639700A06AD6 /* PBXTargetDependency */ = {
			isa = PBXTargetDependency;
			target = E722EAC41BAA639700A06AD6 /* test */;
			targetProxy = E722EADF1BAA639700A06AD6 /* PBXContainerItemProxy */;
		};
/* End PBXTargetDependency section */

/* Begin PBXVariantGroup section */
		E722EAD21BAA639700A06AD6 /* Main.storyboard */ = {
			isa = PBXVariantGroup;
			children = (
				E722EAD31BAA639700A06AD6 /* Base */,
			);
			name = Main.storyboard;
			sourceTree = "<group>";
		};
		E722EAD71BAA639700A06AD6 /* LaunchScreen.xib */ = {
			isa = PBXVariantGroup;
			children = (
				E722EAD81BAA639700A06AD6 /* Base */,
			);
			name = LaunchScreen.xib;
			sourceTree = "<group>";
		};
/* End PBXVariantGroup section */

/* Begin XCBuildConfiguration section */
		E722EAE61BAA639700A06AD6 /* Debug */ = {
			isa = XCBuildConfiguration;
			buildSettings = {
				ALWAYS_SEARCH_USER_PATHS = NO;
				CLANG_CXX_LANGUAGE_STANDARD = "gnu++0x";
				CLANG_CXX_LIBRARY = "libc++";
				CLANG_ENABLE_MODULES = YES;
				CLANG_ENABLE_OBJC_ARC = YES;
				CLANG_WARN_BOOL_CONVERSION = YES;
				CLANG_WARN_CONSTANT_CONVERSION = YES;
				CLANG_WARN_DIRECT_OBJC_ISA_USAGE = YES_ERROR;
				CLANG_WARN_EMPTY_BODY = YES;
				CLANG_WARN_ENUM_CONVERSION = YES;
				CLANG_WARN_INT_CONVERSION = YES;
				CLANG_WARN_OBJC_ROOT_CLASS = YES_ERROR;
				CLANG_WARN_UNREACHABLE_CODE = YES;
				CLANG_WARN__DUPLICATE_METHOD_MATCH = YES;
				"CODE_SIGN_IDENTITY[sdk=iphoneos*]" = "iPhone Developer";
				COPY_PHASE_STRIP = NO;
				DEBUG_INFORMATION_FORMAT = "dwarf-with-dsym";
				ENABLE_STRICT_OBJC_MSGSEND = YES;
				GCC_C_LANGUAGE_STANDARD = gnu99;
				GCC_DYNAMIC_NO_PIC = NO;
				GCC_NO_COMMON_BLOCKS = YES;
				GCC_OPTIMIZATION_LEVEL = 0;
				GCC_PREPROCESSOR_DEFINITIONS = (
					"DEBUG=1",
					"$(inherited)",
				);
				GCC_SYMBOLS_PRIVATE_EXTERN = NO;
				GCC_WARN_64_TO_32_BIT_CONVERSION = YES;
				GCC_WARN_ABOUT_RETURN_TYPE = YES_ERROR;
				GCC_WARN_UNDECLARED_SELECTOR = YES;
				GCC_WARN_UNINITIALIZED_AUTOS = YES_AGGRESSIVE;
				GCC_WARN_UNUSED_FUNCTION = YES;
				GCC_WARN_UNUSED_VARIABLE = YES;
				IPHONEOS_DEPLOYMENT_TARGET = 8.3;
				MTL_ENABLE_DEBUG_INFO = YES;
				ONLY_ACTIVE_ARCH = YES;
				SDKROOT = iphoneos;
				TARGETED_DEVICE_FAMILY = "1,2";
			};
			name = Debug;
		};
		E722EAE71BAA639700A06AD6 /* Release */ = {
			isa = XCBuildConfiguration;
			buildSettings = {
				ALWAYS_SEARCH_USER_PATHS = NO;
				CLANG_CXX_LANGUAGE_STANDARD = "gnu++0x";
				CLANG_CXX_LIBRARY = "libc++";
				CLANG_ENABLE_MODULES = YES;
				CLANG_ENABLE_OBJC_ARC = YES;
				CLANG_WARN_BOOL_CONVERSION = YES;
				CLANG_WARN_CONSTANT_CONVERSION = YES;
				CLANG_WARN_DIRECT_OBJC_ISA_USAGE = YES_ERROR;
				CLANG_WARN_EMPTY_BODY = YES;
				CLANG_WARN_ENUM_CONVERSION = YES;
				CLANG_WARN_INT_CONVERSION = YES;
				CLANG_WARN_OBJC_ROOT_CLASS = YES_ERROR;
				CLANG_WARN_UNREACHABLE_CODE = YES;
				CLANG_WARN__DUPLICATE_METHOD_MATCH = YES;
				"CODE_SIGN_IDENTITY[sdk=iphoneos*]" = "iPhone Developer";
				COPY_PHASE_STRIP = NO;
				DEBUG_INFORMATION_FORMAT = "dwarf-with-dsym";
				ENABLE_NS_ASSERTIONS = NO;
				ENABLE_STRICT_OBJC_MSGSEND = YES;
				GCC_C_LANGUAGE_STANDARD = gnu99;
				GCC_NO_COMMON_BLOCKS = YES;
				GCC_WARN_64_TO_32_BIT_CONVERSION = YES;
				GCC_WARN_ABOUT_RETURN_TYPE = YES_ERROR;
				GCC_WARN_UNDECLARED_SELECTOR = YES;
				GCC_WARN_UNINITIALIZED_AUTOS = YES_AGGRESSIVE;
				GCC_WARN_UNUSED_FUNCTION = YES;
				GCC_WARN_UNUSED_VARIABLE = YES;
				IPHONEOS_DEPLOYMENT_TARGET = 8.3;
				MTL_ENABLE_DEBUG_INFO = NO;
				SDKROOT = iphoneos;
				TARGETED_DEVICE_FAMILY = "1,2";
				VALIDATE_PRODUCT = YES;
			};
			name = Release;
		};
		E722EAE91BAA639700A06AD6 /* Debug */ = {
			isa = XCBuildConfiguration;
			baseConfigurationReference = 36A2E81F4543FD31F7C5CDB8 /* Pods-test.debug.xcconfig */;
			buildSettings = {
				ASSETCATALOG_COMPILER_APPICON_NAME = AppIcon;
				INFOPLIST_FILE = test/Info.plist;
				LD_RUNPATH_SEARCH_PATHS = "$(inherited) @executable_path/Frameworks";
				PRODUCT_NAME = "$(TARGET_NAME)";
			};
			name = Debug;
		};
		E722EAEA1BAA639700A06AD6 /* Release */ = {
			isa = XCBuildConfiguration;
			baseConfigurationReference = 5BC278F627C07AF5A9D86BF7 /* Pods-test.release.xcconfig */;
			buildSettings = {
				ASSETCATALOG_COMPILER_APPICON_NAME = AppIcon;
				INFOPLIST_FILE = test/Info.plist;
				LD_RUNPATH_SEARCH_PATHS = "$(inherited) @executable_path/Frameworks";
				PRODUCT_NAME = "$(TARGET_NAME)";
			};
			name = Release;
		};
		E722EAEC1BAA639700A06AD6 /* Debug */ = {
			isa = XCBuildConfiguration;
			buildSettings = {
				BUNDLE_LOADER = "$(TEST_HOST)";
				FRAMEWORK_SEARCH_PATHS = (
					"$(SDKROOT)/Developer/Library/Frameworks",
					"$(inherited)",
				);
				GCC_PREPROCESSOR_DEFINITIONS = (
					"DEBUG=1",
					"$(inherited)",
				);
				INFOPLIST_FILE = testTests/Info.plist;
				LD_RUNPATH_SEARCH_PATHS = "$(inherited) @executable_path/Frameworks @loader_path/Frameworks";
				PRODUCT_NAME = "$(TARGET_NAME)";
				TEST_HOST = "$(BUILT_PRODUCTS_DIR)/test.app/test";
			};
			name = Debug;
		};
		E722EAED1BAA639700A06AD6 /* Release */ = {
			isa = XCBuildConfiguration;
			buildSettings = {
				BUNDLE_LOADER = "$(TEST_HOST)";
				FRAMEWORK_SEARCH_PATHS = (
					"$(SDKROOT)/Developer/Library/Frameworks",
					"$(inherited)",
				);
				INFOPLIST_FILE = testTests/Info.plist;
				LD_RUNPATH_SEARCH_PATHS = "$(inherited) @executable_path/Frameworks @loader_path/Frameworks";
				PRODUCT_NAME = "$(TARGET_NAME)";
				TEST_HOST = "$(BUILT_PRODUCTS_DIR)/test.app/test";
			};
			name = Release;
		};
/* End XCBuildConfiguration section */

/* Begin XCConfigurationList section */
		E722EAC01BAA639700A06AD6 /* Build configuration list for PBXProject "test" */ = {
			isa = XCConfigurationList;
			buildConfigurations = (
				E722EAE61BAA639700A06AD6 /* Debug */,
				E722EAE71BAA639700A06AD6 /* Release */,
			);
			defaultConfigurationIsVisible = 0;
			defaultConfigurationName = Release;
		};
		E722EAE81BAA639700A06AD6 /* Build configuration list for PBXNativeTarget "test" */ = {
			isa = XCConfigurationList;
			buildConfigurations = (
				E722EAE91BAA639700A06AD6 /* Debug */,
				E722EAEA1BAA639700A06AD6 /* Release */,
			);
			defaultConfigurationIsVisible = 0;
			defaultConfigurationName = Release;
		};
		E722EAEB1BAA639700A06AD6 /* Build configuration list for PBXNativeTarget "testTests" */ = {
			isa = XCConfigurationList;
			buildConfigurations = (
				E722EAEC1BAA639700A06AD6 /* Debug */,
				E722EAED1BAA639700A06AD6 /* Release */,
			);
			defaultConfigurationIsVisible = 0;
			defaultConfigurationName = Release;
		};
/* End XCConfigurationList section */
	};
	rootObject = E722EABD1BAA639700A06AD6 /* Project object */;
}
